
Microsoft Visual Studio Solution File, Format Version 12.00
# Visual Studio 15
VisualStudioVersion = 15.0.28307.421
MinimumVisualStudioVersion = 10.0.40219.1
Project("{FAE04EC0-301F-11D3-BF4B-00C04F79EFBC}") = "Labeler", "Labeler\Labeler.csproj", "{521D54CD-245B-41CB-8E43-15F122241143}"
EndProject
Global
	GlobalSection(SolutionConfigurationPlatforms) = preSolution
		Debug|Any CPU = Debug|Any CPU
		Release|Any CPU = Release|Any CPU
	EndGlobalSection
	GlobalSection(ProjectConfigurationPlatforms) = postSolution
		{521D54CD-245B-41CB-8E43-15F122241143}.Debug|Any CPU.ActiveCfg = Debug|Any CPU
		{521D54CD-245B-41CB-8E43-15F122241143}.Debug|Any CPU.Build.0 = Debug|Any CPU
		{521D54CD-245B-41CB-8E43-15F122241143}.Release|Any CPU.ActiveCfg = Release|Any CPU
		{521D54CD-245B-41CB-8E43-15F122241143}.Release|Any CPU.Build.0 = Release|Any CPU
	EndGlobalSection
	GlobalSection(SolutionProperties) = preSolution
		HideSolutionNode = FALSE
	EndGlobalSection
	GlobalSection(ExtensibilityGlobals) = postSolution
		SolutionGuid = {2C19B12B-C1FB-42B7-8C60-B2FF7BA3FD7C}
	EndGlobalSection
EndGlobal
